
Microsoft Visual Studio Solution File, Format Version 12.00
# Visual Studio Version 17
VisualStudioVersion = 17.8.34316.72
MinimumVisualStudioVersion = 10.0.40219.1
Project("{9A19103F-16F7-4668-BE54-9A1E7A4F7556}") = "StaX.Desktop", "StaX.Desktop\StaX.Desktop.csproj", "{6FC40315-82AA-45FC-8406-7275E9452374}"
EndProject
Project("{2150E333-8FDC-42A3-9474-1A3956D46DE8}") = "Plugins", "Plugins", "{C2089C56-B6C4-4CB4-BA82-37DE5887A3BE}"
EndProject
Project("{9A19103F-16F7-4668-BE54-9A1E7A4F7556}") = "StaX.Debug", "StaX.Debug\StaX.Debug.csproj", "{2C5542DE-2758-4A18-9D24-619D100C6076}"
EndProject
Project("{9A19103F-16F7-4668-BE54-9A1E7A4F7556}") = "NewStaxPlugin", "Plugins\NewStaxPlugin\NewStaxPlugin.csproj", "{C0E2295C-2DF3-4DA6-A7F8-6DDC30E754A5}"
EndProject
Global
	GlobalSection(SolutionConfigurationPlatforms) = preSolution
		Debug|Any CPU = Debug|Any CPU
		Debug|x64 = Debug|x64
		Release|Any CPU = Release|Any CPU
		Release|x64 = Release|x64
	EndGlobalSection
	GlobalSection(ProjectConfigurationPlatforms) = postSolution
		{6FC40315-82AA-45FC-8406-7275E9452374}.Debug|Any CPU.ActiveCfg = Debug|x64
		{6FC40315-82AA-45FC-8406-7275E9452374}.Debug|Any CPU.Build.0 = Debug|x64
		{6FC40315-82AA-45FC-8406-7275E9452374}.Debug|x64.ActiveCfg = Debug|x64
		{6FC40315-82AA-45FC-8406-7275E9452374}.Debug|x64.Build.0 = Debug|x64
		{6FC40315-82AA-45FC-8406-7275E9452374}.Release|Any CPU.ActiveCfg = Release|x64
		{6FC40315-82AA-45FC-8406-7275E9452374}.Release|Any CPU.Build.0 = Release|x64
		{6FC40315-82AA-45FC-8406-7275E9452374}.Release|x64.ActiveCfg = Release|x64
		{6FC40315-82AA-45FC-8406-7275E9452374}.Release|x64.Build.0 = Release|x64
		{2C5542DE-2758-4A18-9D24-619D100C6076}.Debug|Any CPU.ActiveCfg = Debug|Any CPU
		{2C5542DE-2758-4A18-9D24-619D100C6076}.Debug|Any CPU.Build.0 = Debug|Any CPU
		{2C5542DE-2758-4A18-9D24-619D100C6076}.Debug|x64.ActiveCfg = Debug|Any CPU
		{2C5542DE-2758-4A18-9D24-619D100C6076}.Debug|x64.Build.0 = Debug|Any CPU
		{2C5542DE-2758-4A18-9D24-619D100C6076}.Release|Any CPU.ActiveCfg = Release|Any CPU
		{2C5542DE-2758-4A18-9D24-619D100C6076}.Release|Any CPU.Build.0 = Release|Any CPU
		{2C5542DE-2758-4A18-9D24-619D100C6076}.Release|x64.ActiveCfg = Release|Any CPU
		{2C5542DE-2758-4A18-9D24-619D100C6076}.Release|x64.Build.0 = Release|Any CPU
		{C0E2295C-2DF3-4DA6-A7F8-6DDC30E754A5}.Debug|Any CPU.ActiveCfg = Debug|Any CPU
		{C0E2295C-2DF3-4DA6-A7F8-6DDC30E754A5}.Debug|Any CPU.Build.0 = Debug|Any CPU
		{C0E2295C-2DF3-4DA6-A7F8-6DDC30E754A5}.Debug|x64.ActiveCfg = Debug|Any CPU
		{C0E2295C-2DF3-4DA6-A7F8-6DDC30E754A5}.Debug|x64.Build.0 = Debug|Any CPU
		{C0E2295C-2DF3-4DA6-A7F8-6DDC30E754A5}.Release|Any CPU.ActiveCfg = Release|Any CPU
		{C0E2295C-2DF3-4DA6-A7F8-6DDC30E754A5}.Release|Any CPU.Build.0 = Release|Any CPU
		{C0E2295C-2DF3-4DA6-A7F8-6DDC30E754A5}.Release|x64.ActiveCfg = Release|Any CPU
		{C0E2295C-2DF3-4DA6-A7F8-6DDC30E754A5}.Release|x64.Build.0 = Release|Any CPU
	EndGlobalSection
	GlobalSection(SolutionProperties) = preSolution
		HideSolutionNode = FALSE
	EndGlobalSection
	GlobalSection(NestedProjects) = preSolution
		{C0E2295C-2DF3-4DA6-A7F8-6DDC30E754A5} = {C2089C56-B6C4-4CB4-BA82-37DE5887A3BE}
	EndGlobalSection
	GlobalSection(ExtensibilityGlobals) = postSolution
		SolutionGuid = {2D702EB6-4E23-44D6-BBF6-D03408135DE7}
	EndGlobalSection
EndGlobal
